
Microsoft Visual Studio Solution File, Format Version 12.00
# Visual Studio Version 17
VisualStudioVersion = 17.7.34031.279
MinimumVisualStudioVersion = 10.0.40219.1
Project("{FAE04EC0-301F-11D3-BF4B-00C04F79EFBC}") = "lab3MyDataBase", "lab3MyDataBase\lab3MyDataBase.csproj", "{360000E5-2BE4-4CCB-869B-F4781D7B6176}"
EndProject
Global
	GlobalSection(SolutionConfigurationPlatforms) = preSolution
		Debug|Any CPU = Debug|Any CPU
		Release|Any CPU = Release|Any CPU
	EndGlobalSection
	GlobalSection(ProjectConfigurationPlatforms) = postSolution
		{360000E5-2BE4-4CCB-869B-F4781D7B6176}.Debug|Any CPU.ActiveCfg = Debug|Any CPU
		{360000E5-2BE4-4CCB-869B-F4781D7B6176}.Debug|Any CPU.Build.0 = Debug|Any CPU
		{360000E5-2BE4-4CCB-869B-F4781D7B6176}.Release|Any CPU.ActiveCfg = Release|Any CPU
		{360000E5-2BE4-4CCB-869B-F4781D7B6176}.Release|Any CPU.Build.0 = Release|Any CPU
	EndGlobalSection
	GlobalSection(SolutionProperties) = preSolution
		HideSolutionNode = FALSE
	EndGlobalSection
	GlobalSection(ExtensibilityGlobals) = postSolution
		SolutionGuid = {7A6DEDD0-6456-41DB-98FC-62BD0CC34F62}
	EndGlobalSection
EndGlobal
